
Microsoft Visual Studio Solution File, Format Version 12.00
# Visual Studio Version 16
VisualStudioVersion = 25.0.1706.11
MinimumVisualStudioVersion = 10.0.40219.1
Project("{FAE04EC0-301F-11D3-BF4B-00C04F79EFBC}") = "MathOperationsConsoleApp", "MathOperationsConsoleApp\MathOperationsConsoleApp.csproj", "{C7ABF9BB-534B-4FAD-AD38-3D542EF6ADA6}"
EndProject
Global
	GlobalSection(SolutionConfigurationPlatforms) = preSolution
		Debug|Any CPU = Debug|Any CPU
		Release|Any CPU = Release|Any CPU
	EndGlobalSection
	GlobalSection(ProjectConfigurationPlatforms) = postSolution
		{C7ABF9BB-534B-4FAD-AD38-3D542EF6ADA6}.Debug|Any CPU.ActiveCfg = Debug|Any CPU
		{C7ABF9BB-534B-4FAD-AD38-3D542EF6ADA6}.Debug|Any CPU.Build.0 = Debug|Any CPU
		{C7ABF9BB-534B-4FAD-AD38-3D542EF6ADA6}.Release|Any CPU.ActiveCfg = Release|Any CPU
		{C7ABF9BB-534B-4FAD-AD38-3D542EF6ADA6}.Release|Any CPU.Build.0 = Release|Any CPU
	EndGlobalSection
	GlobalSection(SolutionProperties) = preSolution
		HideSolutionNode = FALSE
	EndGlobalSection
	GlobalSection(ExtensibilityGlobals) = postSolution
		SolutionGuid = {3AEC0FFD-5323-41C9-8C18-CE9EC1E5A65D}
	EndGlobalSection
EndGlobal
